github.com/behavioral-ai/core v0.0.0-20250222141611-901d91068a16 h1:1e2WEIHbEDRxdnVx7NdlGFK9BSAJ+9NZ89hSp6LG+/c=
github.com/behavioral-ai/core v0.0.0-20250222141611-901d91068a16/go.mod h1:sqpbaRPtMXUb4j6CbCuwWvQrD6pUKJm5oZEKPDynlPE=
github.com/behavioral-ai/domain v0.0.0-20250221145820-3db74e193f1f h1:18YlKGU6c2xT5A8tjaTXm/0wMyVsb3NEes9SVBOSMeE=
github.com/behavioral-ai/domain v0.0.0-20250221145820-3db74e193f1f/go.mod h1:96htrqJFs26KQFhkGqy65S8OwKGicupPZ8rM8eDLlrs=
github.com/behavioral-ai/operative v0.0.0-20250222101204-8376efe88345 h1:QSZPH9aiafN4tMeEmklxdYstMLK0LRbPS+SYEWxeqEc=
github.com/behavioral-ai/operative v0.0.0-20250222101204-8376efe88345/go.mod h1:fU4mL+YuxBjZqG9Ly1yVNiRDqCgyqtiZhpZWjKWstb8=
github.com/google/uuid v1.6.0 h1:NIvaJDMOsjHA8n1jAhLSgzrAzy1Hgr+hNrb57e+94F0=
github.com/google/uuid v1.6.0/go.mod h1:TIyPZe4MgqvfeYDBFedMoGGpEw/LqOeaOT+nhxU+yHo=
